
Microsoft Visual Studio Solution File, Format Version 12.00
# Visual Studio Version 17
VisualStudioVersion = 17.4.33403.182
MinimumVisualStudioVersion = 10.0.40219.1
Project("{FAE04EC0-301F-11D3-BF4B-00C04F79EFBC}") = "MessageQueue", "MessageQueue\MessageQueue.csproj", "{68C3BD65-52AF-4777-A276-72A1B24C0C14}"
EndProject
Global
	GlobalSection(SolutionConfigurationPlatforms) = preSolution
		Debug|Any CPU = Debug|Any CPU
		Release|Any CPU = Release|Any CPU
	EndGlobalSection
	GlobalSection(ProjectConfigurationPlatforms) = postSolution
		{68C3BD65-52AF-4777-A276-72A1B24C0C14}.Debug|Any CPU.ActiveCfg = Debug|Any CPU
		{68C3BD65-52AF-4777-A276-72A1B24C0C14}.Debug|Any CPU.Build.0 = Debug|Any CPU
		{68C3BD65-52AF-4777-A276-72A1B24C0C14}.Release|Any CPU.ActiveCfg = Release|Any CPU
		{68C3BD65-52AF-4777-A276-72A1B24C0C14}.Release|Any CPU.Build.0 = Release|Any CPU
	EndGlobalSection
	GlobalSection(SolutionProperties) = preSolution
		HideSolutionNode = FALSE
	EndGlobalSection
	GlobalSection(ExtensibilityGlobals) = postSolution
		SolutionGuid = {F4E17F91-BC78-454A-B81B-07A4934FB5A6}
	EndGlobalSection
EndGlobal
